
Microsoft Visual Studio Solution File, Format Version 12.00
# Visual Studio 2013
VisualStudioVersion = 12.0.30501.0
MinimumVisualStudioVersion = 10.0.40219.1
Project("{FAE04EC0-301F-11D3-BF4B-00C04F79EFBC}") = "CacheSharp", "CacheSharp\CacheSharp.csproj", "{5E10A3B2-09D3-43B6-8C75-C7EDEFE36F75}"
EndProject
Project("{FAE04EC0-301F-11D3-BF4B-00C04F79EFBC}") = "CacheSharp.Console", "CacheSharp.Console\CacheSharp.Console.csproj", "{A51ECFDF-E594-4C93-A1D9-77C2962F1767}"
EndProject
Project("{FAE04EC0-301F-11D3-BF4B-00C04F79EFBC}") = "CacheSharp.Memcached", "CacheSharp.Memcached\CacheSharp.Memcached.csproj", "{C1265A08-0533-4794-8426-651F305603FB}"
EndProject
Project("{FAE04EC0-301F-11D3-BF4B-00C04F79EFBC}") = "CacheSharp.Redis", "CacheSharp.Redis\CacheSharp.Redis.csproj", "{3D8FFDD1-BD81-4F09-80BB-B81CE80DFD32}"
EndProject
Project("{FAE04EC0-301F-11D3-BF4B-00C04F79EFBC}") = "CacheSharp.SQLServer", "CacheSharp.SQLServer\CacheSharp.SQLServer.csproj", "{AF9888C0-EAD1-41EA-954E-8A763B03FEF7}"
EndProject
Project("{2150E333-8FDC-42A3-9474-1A3956D46DE8}") = ".nuget", ".nuget", "{D1A8D38F-F225-4672-A06C-ECBF91D7134B}"
	ProjectSection(SolutionItems) = preProject
		.nuget\NuGet.Config = .nuget\NuGet.Config
		.nuget\NuGet.exe = .nuget\NuGet.exe
		.nuget\NuGet.targets = .nuget\NuGet.targets
	EndProjectSection
EndProject
Project("{FAE04EC0-301F-11D3-BF4B-00C04F79EFBC}") = "CacheSharp.Azure", "CacheSharp.Azure\CacheSharp.Azure.csproj", "{CCDF6BD9-2860-4091-9C6E-59486D29CD32}"
EndProject
Project("{FAE04EC0-301F-11D3-BF4B-00C04F79EFBC}") = "CacheSharp.ASPNet", "CacheSharp.ASPNet\CacheSharp.ASPNet.csproj", "{6CBE4512-74FC-4D32-9F73-62DEE5584981}"
EndProject
Project("{FAE04EC0-301F-11D3-BF4B-00C04F79EFBC}") = "CacheSharp.Coherence", "CacheSharp.Coherence\CacheSharp.Coherence.csproj", "{7B78979D-E9E2-41B7-83F5-6837F28F69AA}"
EndProject
Project("{FAE04EC0-301F-11D3-BF4B-00C04F79EFBC}") = "CacheSharp.Local", "CacheSharp.Local\CacheSharp.Local.csproj", "{D7146744-7170-49F1-BCAF-531E02AEF5E5}"
EndProject
Global
	GlobalSection(SolutionConfigurationPlatforms) = preSolution
		Debug|Any CPU = Debug|Any CPU
		Release|Any CPU = Release|Any CPU
	EndGlobalSection
	GlobalSection(ProjectConfigurationPlatforms) = postSolution
		{5E10A3B2-09D3-43B6-8C75-C7EDEFE36F75}.Debug|Any CPU.ActiveCfg = Debug|Any CPU
		{5E10A3B2-09D3-43B6-8C75-C7EDEFE36F75}.Debug|Any CPU.Build.0 = Debug|Any CPU
		{5E10A3B2-09D3-43B6-8C75-C7EDEFE36F75}.Release|Any CPU.ActiveCfg = Release|Any CPU
		{5E10A3B2-09D3-43B6-8C75-C7EDEFE36F75}.Release|Any CPU.Build.0 = Release|Any CPU
		{A51ECFDF-E594-4C93-A1D9-77C2962F1767}.Debug|Any CPU.ActiveCfg = Debug|Any CPU
		{A51ECFDF-E594-4C93-A1D9-77C2962F1767}.Debug|Any CPU.Build.0 = Debug|Any CPU
		{A51ECFDF-E594-4C93-A1D9-77C2962F1767}.Release|Any CPU.ActiveCfg = Release|Any CPU
		{A51ECFDF-E594-4C93-A1D9-77C2962F1767}.Release|Any CPU.Build.0 = Release|Any CPU
		{C1265A08-0533-4794-8426-651F305603FB}.Debug|Any CPU.ActiveCfg = Debug|Any CPU
		{C1265A08-0533-4794-8426-651F305603FB}.Debug|Any CPU.Build.0 = Debug|Any CPU
		{C1265A08-0533-4794-8426-651F305603FB}.Release|Any CPU.ActiveCfg = Release|Any CPU
		{C1265A08-0533-4794-8426-651F305603FB}.Release|Any CPU.Build.0 = Release|Any CPU
		{3D8FFDD1-BD81-4F09-80BB-B81CE80DFD32}.Debug|Any CPU.ActiveCfg = Debug|Any CPU
		{3D8FFDD1-BD81-4F09-80BB-B81CE80DFD32}.Debug|Any CPU.Build.0 = Debug|Any CPU
		{3D8FFDD1-BD81-4F09-80BB-B81CE80DFD32}.Release|Any CPU.ActiveCfg = Release|Any CPU
		{3D8FFDD1-BD81-4F09-80BB-B81CE80DFD32}.Release|Any CPU.Build.0 = Release|Any CPU
		{AF9888C0-EAD1-41EA-954E-8A763B03FEF7}.Debug|Any CPU.ActiveCfg = Debug|Any CPU
		{AF9888C0-EAD1-41EA-954E-8A763B03FEF7}.Debug|Any CPU.Build.0 = Debug|Any CPU
		{AF9888C0-EAD1-41EA-954E-8A763B03FEF7}.Release|Any CPU.ActiveCfg = Release|Any CPU
		{AF9888C0-EAD1-41EA-954E-8A763B03FEF7}.Release|Any CPU.Build.0 = Release|Any CPU
		{CCDF6BD9-2860-4091-9C6E-59486D29CD32}.Debug|Any CPU.ActiveCfg = Debug|Any CPU
		{CCDF6BD9-2860-4091-9C6E-59486D29CD32}.Debug|Any CPU.Build.0 = Debug|Any CPU
		{CCDF6BD9-2860-4091-9C6E-59486D29CD32}.Release|Any CPU.ActiveCfg = Release|Any CPU
		{CCDF6BD9-2860-4091-9C6E-59486D29CD32}.Release|Any CPU.Build.0 = Release|Any CPU
		{6CBE4512-74FC-4D32-9F73-62DEE5584981}.Debug|Any CPU.ActiveCfg = Debug|Any CPU
		{6CBE4512-74FC-4D32-9F73-62DEE5584981}.Debug|Any CPU.Build.0 = Debug|Any CPU
		{6CBE4512-74FC-4D32-9F73-62DEE5584981}.Release|Any CPU.ActiveCfg = Release|Any CPU
		{6CBE4512-74FC-4D32-9F73-62DEE5584981}.Release|Any CPU.Build.0 = Release|Any CPU
		{7B78979D-E9E2-41B7-83F5-6837F28F69AA}.Debug|Any CPU.ActiveCfg = Debug|Any CPU
		{7B78979D-E9E2-41B7-83F5-6837F28F69AA}.Debug|Any CPU.Build.0 = Debug|Any CPU
		{7B78979D-E9E2-41B7-83F5-6837F28F69AA}.Release|Any CPU.ActiveCfg = Release|Any CPU
		{7B78979D-E9E2-41B7-83F5-6837F28F69AA}.Release|Any CPU.Build.0 = Release|Any CPU
		{D7146744-7170-49F1-BCAF-531E02AEF5E5}.Debug|Any CPU.ActiveCfg = Debug|Any CPU
		{D7146744-7170-49F1-BCAF-531E02AEF5E5}.Debug|Any CPU.Build.0 = Debug|Any CPU
		{D7146744-7170-49F1-BCAF-531E02AEF5E5}.Release|Any CPU.ActiveCfg = Release|Any CPU
		{D7146744-7170-49F1-BCAF-531E02AEF5E5}.Release|Any CPU.Build.0 = Release|Any CPU
	EndGlobalSection
	GlobalSection(SolutionProperties) = preSolution
		HideSolutionNode = FALSE
	EndGlobalSection
EndGlobal
